{
    "_meta": {
        "hash": {
            "sha256": "325664c39f9275836fb5a116fd33c2edc8aeb10cf6be546d99e3af3e348396bf"
        },
        "pipfile-spec": 6,
        "requires": {
            "python_version": "3.6"
        },
        "sources": [
            {
                "name": "pypi",
                "url": "https://pypi.org/simple",
                "verify_ssl": true
            }
        ]
    },
    "default": {
        "emoji": {
            "hashes": [
                "sha256:9ae01495fc3fcc04e9136ca1af8cae58726ec5dfaaa92f61f0732cbae9a12fa9",
                "sha256:cecf8ed7cc535c999dc96e3fe7e7aacd176deb9ef62b3ef022c535e155084c44"
            ],
            "index": "pypi",
            "version": "==0.5.2"
        }
    },
    "develop": {}
}
